{
  "name": "vue-desgin-and-application",
  "version": "1.0.0",
  "lockfileVersion": 2,
  "requires": true,
  "packages": {
    "": {
      "name": "vue-desgin-and-application",
      "version": "1.0.0",
      "license": "MIT",
      "dependencies": {
        "@vue/shared": "^3.2.39"
      }
    },
    "node_modules/@vue/shared": {
      "version": "3.2.39",
      "resolved": "https://registry.npmjs.org/@vue/shared/-/shared-3.2.39.tgz",
      "integrity": "sha512-D3dl2ZB9qE6mTuWPk9RlhDeP1dgNRUKC3NJxji74A4yL8M2MwlhLKUC/49WHjrNzSPug58fWx/yFbaTzGAQSBw=="
    }
  },
  "dependencies": {
    "@vue/shared": {
      "version": "3.2.39",
      "resolved": "https://registry.npmjs.org/@vue/shared/-/shared-3.2.39.tgz",
      "integrity": "sha512-D3dl2ZB9qE6mTuWPk9RlhDeP1dgNRUKC3NJxji74A4yL8M2MwlhLKUC/49WHjrNzSPug58fWx/yFbaTzGAQSBw=="
    }
  }
}
